
Microsoft Visual Studio Solution File, Format Version 12.00
# Visual Studio Version 17
VisualStudioVersion = 17.0.31912.275
MinimumVisualStudioVersion = 10.0.40219.1
Project("{9A19103F-16F7-4668-BE54-9A1E7A4F7556}") = "Common", "Common\Common.csproj", "{8E47A38D-787E-40B6-A4B2-6DA05CC3B77E}"
EndProject
Project("{2150E333-8FDC-42A3-9474-1A3956D46DE8}") = "Years", "Years", "{9731D8CB-D362-4619-BC91-9C25D387264B}"
	ProjectSection(SolutionItems) = preProject
		Years\Directory.Build.props = Years\Directory.Build.props
		Years\Directory.Packages.props = Years\Directory.Packages.props
	EndProjectSection
EndProject
Project("{2150E333-8FDC-42A3-9474-1A3956D46DE8}") = "2021", "2021", "{F72B711F-4EF3-41A2-9D9F-9AC126600E1A}"
EndProject
Project("{9A19103F-16F7-4668-BE54-9A1E7A4F7556}") = "Day1", "Years\2021\Day1\Day1.csproj", "{53B02C59-F625-4B1F-8B23-D29644B36CC5}"
EndProject
Project("{9A19103F-16F7-4668-BE54-9A1E7A4F7556}") = "Day2", "Years\2021\Day2\Day2.csproj", "{06E14DDD-CB46-41AE-95D2-1DE02D772746}"
EndProject
Project("{9A19103F-16F7-4668-BE54-9A1E7A4F7556}") = "Day3", "Years\2021\Day3\Day3.csproj", "{C3362552-BEAF-403D-B553-BE609E49F224}"
EndProject
Project("{9A19103F-16F7-4668-BE54-9A1E7A4F7556}") = "Day4", "Years\2021\Day4\Day4.csproj", "{15BEEAC2-7CF3-41F9-AF13-8D42EEAFE81F}"
EndProject
Project("{9A19103F-16F7-4668-BE54-9A1E7A4F7556}") = "Day5", "Years\2021\Day5\Day5.csproj", "{E96C7E4E-0DAD-4990-A8CF-88DFC34876DD}"
EndProject
Project("{9A19103F-16F7-4668-BE54-9A1E7A4F7556}") = "Day6", "Years\2021\Day6\Day6.csproj", "{25DA4A1C-3DBB-4CC8-AC55-C81A7E0A6424}"
EndProject
Project("{FAE04EC0-301F-11D3-BF4B-00C04F79EFBC}") = "Day6Benchmark", "Years\2021\Day6Benchmark\Day6Benchmark.csproj", "{D400B6DC-B9BF-4E9C-B0CB-9B5C48436F20}"
EndProject
Project("{FAE04EC0-301F-11D3-BF4B-00C04F79EFBC}") = "Day7", "Years\2021\Day7\Day7.csproj", "{AC7A7790-420F-4730-8D57-4F78B5DCAA09}"
EndProject
Project("{FAE04EC0-301F-11D3-BF4B-00C04F79EFBC}") = "Day8", "Years\2021\Day8\Day8.csproj", "{9FB3319B-B3A7-417C-B25F-BA16DCA686C4}"
EndProject
Project("{FAE04EC0-301F-11D3-BF4B-00C04F79EFBC}") = "Day9", "Years\2021\Day9\Day9.csproj", "{03E4F89B-C758-4453-97F3-5A2C2EB0DF55}"
EndProject
Project("{FAE04EC0-301F-11D3-BF4B-00C04F79EFBC}") = "Day10", "Years\2021\Day10\Day10.csproj", "{FD505AEE-2CAC-43D2-A151-A4DC457B7AF2}"
EndProject
Project("{FAE04EC0-301F-11D3-BF4B-00C04F79EFBC}") = "Day11", "Years\2021\Day11\Day11.csproj", "{16FA0BE0-46AA-40EE-AAE8-1DE28F024D79}"
EndProject
Project("{FAE04EC0-301F-11D3-BF4B-00C04F79EFBC}") = "Day12", "Years\2021\Day12\Day12.csproj", "{19739636-C31D-468D-BCFD-1EAB444D2277}"
EndProject
Project("{FAE04EC0-301F-11D3-BF4B-00C04F79EFBC}") = "Day13", "Years\2021\Day13\Day13.csproj", "{38C9FB57-F6B4-44BD-B4E5-D88B079EFBE4}"
EndProject
Project("{FAE04EC0-301F-11D3-BF4B-00C04F79EFBC}") = "Day14", "Years\2021\Day14\Day14.csproj", "{EE40176E-73E7-45A3-AA7B-61A92B14E5B2}"
EndProject
Project("{FAE04EC0-301F-11D3-BF4B-00C04F79EFBC}") = "Day17", "Years\2021\Day17\Day17.csproj", "{0EF00046-FBEB-4C00-A098-341C44C1260B}"
EndProject
Project("{2150E333-8FDC-42A3-9474-1A3956D46DE8}") = "2022", "2022", "{3B8B7241-64E2-4DCA-8207-81B03CF01EA4}"
EndProject
Project("{FAE04EC0-301F-11D3-BF4B-00C04F79EFBC}") = "Day1", "Years\2022\Day1\Day1.csproj", "{C251C23C-3EBB-4947-9C86-0285AAB33E09}"
EndProject
Project("{FAE04EC0-301F-11D3-BF4B-00C04F79EFBC}") = "Day2", "Years\2022\Day2\Day2.csproj", "{71B7A3F1-A1B2-40AE-AF8C-845D07B7011D}"
EndProject
Project("{FAE04EC0-301F-11D3-BF4B-00C04F79EFBC}") = "Day3", "Years\2022\Day3\Day3.csproj", "{E9EC1671-0579-4D6B-8F49-2C199560D9A8}"
EndProject
Project("{FAE04EC0-301F-11D3-BF4B-00C04F79EFBC}") = "Day4", "Years\2022\Day4\Day4.csproj", "{54B43DB6-3472-4905-BCD9-35B3369BDD6A}"
EndProject
Global
	GlobalSection(SolutionConfigurationPlatforms) = preSolution
		Debug|Any CPU = Debug|Any CPU
		Release|Any CPU = Release|Any CPU
	EndGlobalSection
	GlobalSection(ProjectConfigurationPlatforms) = postSolution
		{8E47A38D-787E-40B6-A4B2-6DA05CC3B77E}.Debug|Any CPU.ActiveCfg = Debug|Any CPU
		{8E47A38D-787E-40B6-A4B2-6DA05CC3B77E}.Debug|Any CPU.Build.0 = Debug|Any CPU
		{8E47A38D-787E-40B6-A4B2-6DA05CC3B77E}.Release|Any CPU.ActiveCfg = Release|Any CPU
		{8E47A38D-787E-40B6-A4B2-6DA05CC3B77E}.Release|Any CPU.Build.0 = Release|Any CPU
		{53B02C59-F625-4B1F-8B23-D29644B36CC5}.Debug|Any CPU.ActiveCfg = Debug|Any CPU
		{53B02C59-F625-4B1F-8B23-D29644B36CC5}.Debug|Any CPU.Build.0 = Debug|Any CPU
		{53B02C59-F625-4B1F-8B23-D29644B36CC5}.Release|Any CPU.ActiveCfg = Release|Any CPU
		{53B02C59-F625-4B1F-8B23-D29644B36CC5}.Release|Any CPU.Build.0 = Release|Any CPU
		{06E14DDD-CB46-41AE-95D2-1DE02D772746}.Debug|Any CPU.ActiveCfg = Debug|Any CPU
		{06E14DDD-CB46-41AE-95D2-1DE02D772746}.Debug|Any CPU.Build.0 = Debug|Any CPU
		{06E14DDD-CB46-41AE-95D2-1DE02D772746}.Release|Any CPU.ActiveCfg = Release|Any CPU
		{06E14DDD-CB46-41AE-95D2-1DE02D772746}.Release|Any CPU.Build.0 = Release|Any CPU
		{C3362552-BEAF-403D-B553-BE609E49F224}.Debug|Any CPU.ActiveCfg = Debug|Any CPU
		{C3362552-BEAF-403D-B553-BE609E49F224}.Debug|Any CPU.Build.0 = Debug|Any CPU
		{C3362552-BEAF-403D-B553-BE609E49F224}.Release|Any CPU.ActiveCfg = Release|Any CPU
		{C3362552-BEAF-403D-B553-BE609E49F224}.Release|Any CPU.Build.0 = Release|Any CPU
		{15BEEAC2-7CF3-41F9-AF13-8D42EEAFE81F}.Debug|Any CPU.ActiveCfg = Debug|Any CPU
		{15BEEAC2-7CF3-41F9-AF13-8D42EEAFE81F}.Debug|Any CPU.Build.0 = Debug|Any CPU
		{15BEEAC2-7CF3-41F9-AF13-8D42EEAFE81F}.Release|Any CPU.ActiveCfg = Release|Any CPU
		{15BEEAC2-7CF3-41F9-AF13-8D42EEAFE81F}.Release|Any CPU.Build.0 = Release|Any CPU
		{E96C7E4E-0DAD-4990-A8CF-88DFC34876DD}.Debug|Any CPU.ActiveCfg = Debug|Any CPU
		{E96C7E4E-0DAD-4990-A8CF-88DFC34876DD}.Debug|Any CPU.Build.0 = Debug|Any CPU
		{E96C7E4E-0DAD-4990-A8CF-88DFC34876DD}.Release|Any CPU.ActiveCfg = Release|Any CPU
		{E96C7E4E-0DAD-4990-A8CF-88DFC34876DD}.Release|Any CPU.Build.0 = Release|Any CPU
		{25DA4A1C-3DBB-4CC8-AC55-C81A7E0A6424}.Debug|Any CPU.ActiveCfg = Debug|Any CPU
		{25DA4A1C-3DBB-4CC8-AC55-C81A7E0A6424}.Debug|Any CPU.Build.0 = Debug|Any CPU
		{25DA4A1C-3DBB-4CC8-AC55-C81A7E0A6424}.Release|Any CPU.ActiveCfg = Release|Any CPU
		{25DA4A1C-3DBB-4CC8-AC55-C81A7E0A6424}.Release|Any CPU.Build.0 = Release|Any CPU
		{D400B6DC-B9BF-4E9C-B0CB-9B5C48436F20}.Debug|Any CPU.ActiveCfg = Debug|Any CPU
		{D400B6DC-B9BF-4E9C-B0CB-9B5C48436F20}.Debug|Any CPU.Build.0 = Debug|Any CPU
		{D400B6DC-B9BF-4E9C-B0CB-9B5C48436F20}.Release|Any CPU.ActiveCfg = Release|Any CPU
		{D400B6DC-B9BF-4E9C-B0CB-9B5C48436F20}.Release|Any CPU.Build.0 = Release|Any CPU
		{AC7A7790-420F-4730-8D57-4F78B5DCAA09}.Debug|Any CPU.ActiveCfg = Debug|Any CPU
		{AC7A7790-420F-4730-8D57-4F78B5DCAA09}.Debug|Any CPU.Build.0 = Debug|Any CPU
		{AC7A7790-420F-4730-8D57-4F78B5DCAA09}.Release|Any CPU.ActiveCfg = Release|Any CPU
		{AC7A7790-420F-4730-8D57-4F78B5DCAA09}.Release|Any CPU.Build.0 = Release|Any CPU
		{9FB3319B-B3A7-417C-B25F-BA16DCA686C4}.Debug|Any CPU.ActiveCfg = Debug|Any CPU
		{9FB3319B-B3A7-417C-B25F-BA16DCA686C4}.Debug|Any CPU.Build.0 = Debug|Any CPU
		{9FB3319B-B3A7-417C-B25F-BA16DCA686C4}.Release|Any CPU.ActiveCfg = Release|Any CPU
		{9FB3319B-B3A7-417C-B25F-BA16DCA686C4}.Release|Any CPU.Build.0 = Release|Any CPU
		{03E4F89B-C758-4453-97F3-5A2C2EB0DF55}.Debug|Any CPU.ActiveCfg = Debug|Any CPU
		{03E4F89B-C758-4453-97F3-5A2C2EB0DF55}.Debug|Any CPU.Build.0 = Debug|Any CPU
		{03E4F89B-C758-4453-97F3-5A2C2EB0DF55}.Release|Any CPU.ActiveCfg = Release|Any CPU
		{03E4F89B-C758-4453-97F3-5A2C2EB0DF55}.Release|Any CPU.Build.0 = Release|Any CPU
		{FD505AEE-2CAC-43D2-A151-A4DC457B7AF2}.Debug|Any CPU.ActiveCfg = Debug|Any CPU
		{FD505AEE-2CAC-43D2-A151-A4DC457B7AF2}.Debug|Any CPU.Build.0 = Debug|Any CPU
		{FD505AEE-2CAC-43D2-A151-A4DC457B7AF2}.Release|Any CPU.ActiveCfg = Release|Any CPU
		{FD505AEE-2CAC-43D2-A151-A4DC457B7AF2}.Release|Any CPU.Build.0 = Release|Any CPU
		{16FA0BE0-46AA-40EE-AAE8-1DE28F024D79}.Debug|Any CPU.ActiveCfg = Debug|Any CPU
		{16FA0BE0-46AA-40EE-AAE8-1DE28F024D79}.Debug|Any CPU.Build.0 = Debug|Any CPU
		{16FA0BE0-46AA-40EE-AAE8-1DE28F024D79}.Release|Any CPU.ActiveCfg = Release|Any CPU
		{16FA0BE0-46AA-40EE-AAE8-1DE28F024D79}.Release|Any CPU.Build.0 = Release|Any CPU
		{19739636-C31D-468D-BCFD-1EAB444D2277}.Debug|Any CPU.ActiveCfg = Debug|Any CPU
		{19739636-C31D-468D-BCFD-1EAB444D2277}.Debug|Any CPU.Build.0 = Debug|Any CPU
		{19739636-C31D-468D-BCFD-1EAB444D2277}.Release|Any CPU.ActiveCfg = Release|Any CPU
		{19739636-C31D-468D-BCFD-1EAB444D2277}.Release|Any CPU.Build.0 = Release|Any CPU
		{38C9FB57-F6B4-44BD-B4E5-D88B079EFBE4}.Debug|Any CPU.ActiveCfg = Debug|Any CPU
		{38C9FB57-F6B4-44BD-B4E5-D88B079EFBE4}.Debug|Any CPU.Build.0 = Debug|Any CPU
		{38C9FB57-F6B4-44BD-B4E5-D88B079EFBE4}.Release|Any CPU.ActiveCfg = Release|Any CPU
		{38C9FB57-F6B4-44BD-B4E5-D88B079EFBE4}.Release|Any CPU.Build.0 = Release|Any CPU
		{EE40176E-73E7-45A3-AA7B-61A92B14E5B2}.Debug|Any CPU.ActiveCfg = Debug|Any CPU
		{EE40176E-73E7-45A3-AA7B-61A92B14E5B2}.Debug|Any CPU.Build.0 = Debug|Any CPU
		{EE40176E-73E7-45A3-AA7B-61A92B14E5B2}.Release|Any CPU.ActiveCfg = Release|Any CPU
		{EE40176E-73E7-45A3-AA7B-61A92B14E5B2}.Release|Any CPU.Build.0 = Release|Any CPU
		{0EF00046-FBEB-4C00-A098-341C44C1260B}.Debug|Any CPU.ActiveCfg = Debug|Any CPU
		{0EF00046-FBEB-4C00-A098-341C44C1260B}.Debug|Any CPU.Build.0 = Debug|Any CPU
		{0EF00046-FBEB-4C00-A098-341C44C1260B}.Release|Any CPU.ActiveCfg = Release|Any CPU
		{0EF00046-FBEB-4C00-A098-341C44C1260B}.Release|Any CPU.Build.0 = Release|Any CPU
		{C251C23C-3EBB-4947-9C86-0285AAB33E09}.Debug|Any CPU.ActiveCfg = Debug|Any CPU
		{C251C23C-3EBB-4947-9C86-0285AAB33E09}.Debug|Any CPU.Build.0 = Debug|Any CPU
		{C251C23C-3EBB-4947-9C86-0285AAB33E09}.Release|Any CPU.ActiveCfg = Release|Any CPU
		{C251C23C-3EBB-4947-9C86-0285AAB33E09}.Release|Any CPU.Build.0 = Release|Any CPU
		{71B7A3F1-A1B2-40AE-AF8C-845D07B7011D}.Debug|Any CPU.ActiveCfg = Debug|Any CPU
		{71B7A3F1-A1B2-40AE-AF8C-845D07B7011D}.Debug|Any CPU.Build.0 = Debug|Any CPU
		{71B7A3F1-A1B2-40AE-AF8C-845D07B7011D}.Release|Any CPU.ActiveCfg = Release|Any CPU
		{71B7A3F1-A1B2-40AE-AF8C-845D07B7011D}.Release|Any CPU.Build.0 = Release|Any CPU
		{E9EC1671-0579-4D6B-8F49-2C199560D9A8}.Debug|Any CPU.ActiveCfg = Debug|Any CPU
		{E9EC1671-0579-4D6B-8F49-2C199560D9A8}.Debug|Any CPU.Build.0 = Debug|Any CPU
		{E9EC1671-0579-4D6B-8F49-2C199560D9A8}.Release|Any CPU.ActiveCfg = Release|Any CPU
		{E9EC1671-0579-4D6B-8F49-2C199560D9A8}.Release|Any CPU.Build.0 = Release|Any CPU
		{54B43DB6-3472-4905-BCD9-35B3369BDD6A}.Debug|Any CPU.ActiveCfg = Debug|Any CPU
		{54B43DB6-3472-4905-BCD9-35B3369BDD6A}.Debug|Any CPU.Build.0 = Debug|Any CPU
		{54B43DB6-3472-4905-BCD9-35B3369BDD6A}.Release|Any CPU.ActiveCfg = Release|Any CPU
		{54B43DB6-3472-4905-BCD9-35B3369BDD6A}.Release|Any CPU.Build.0 = Release|Any CPU
	EndGlobalSection
	GlobalSection(SolutionProperties) = preSolution
		HideSolutionNode = FALSE
	EndGlobalSection
	GlobalSection(NestedProjects) = preSolution
		{F72B711F-4EF3-41A2-9D9F-9AC126600E1A} = {9731D8CB-D362-4619-BC91-9C25D387264B}
		{53B02C59-F625-4B1F-8B23-D29644B36CC5} = {F72B711F-4EF3-41A2-9D9F-9AC126600E1A}
		{06E14DDD-CB46-41AE-95D2-1DE02D772746} = {F72B711F-4EF3-41A2-9D9F-9AC126600E1A}
		{C3362552-BEAF-403D-B553-BE609E49F224} = {F72B711F-4EF3-41A2-9D9F-9AC126600E1A}
		{15BEEAC2-7CF3-41F9-AF13-8D42EEAFE81F} = {F72B711F-4EF3-41A2-9D9F-9AC126600E1A}
		{E96C7E4E-0DAD-4990-A8CF-88DFC34876DD} = {F72B711F-4EF3-41A2-9D9F-9AC126600E1A}
		{25DA4A1C-3DBB-4CC8-AC55-C81A7E0A6424} = {F72B711F-4EF3-41A2-9D9F-9AC126600E1A}
		{D400B6DC-B9BF-4E9C-B0CB-9B5C48436F20} = {F72B711F-4EF3-41A2-9D9F-9AC126600E1A}
		{AC7A7790-420F-4730-8D57-4F78B5DCAA09} = {F72B711F-4EF3-41A2-9D9F-9AC126600E1A}
		{9FB3319B-B3A7-417C-B25F-BA16DCA686C4} = {F72B711F-4EF3-41A2-9D9F-9AC126600E1A}
		{03E4F89B-C758-4453-97F3-5A2C2EB0DF55} = {F72B711F-4EF3-41A2-9D9F-9AC126600E1A}
		{FD505AEE-2CAC-43D2-A151-A4DC457B7AF2} = {F72B711F-4EF3-41A2-9D9F-9AC126600E1A}
		{16FA0BE0-46AA-40EE-AAE8-1DE28F024D79} = {F72B711F-4EF3-41A2-9D9F-9AC126600E1A}
		{19739636-C31D-468D-BCFD-1EAB444D2277} = {F72B711F-4EF3-41A2-9D9F-9AC126600E1A}
		{38C9FB57-F6B4-44BD-B4E5-D88B079EFBE4} = {F72B711F-4EF3-41A2-9D9F-9AC126600E1A}
		{EE40176E-73E7-45A3-AA7B-61A92B14E5B2} = {F72B711F-4EF3-41A2-9D9F-9AC126600E1A}
		{0EF00046-FBEB-4C00-A098-341C44C1260B} = {F72B711F-4EF3-41A2-9D9F-9AC126600E1A}
		{3B8B7241-64E2-4DCA-8207-81B03CF01EA4} = {9731D8CB-D362-4619-BC91-9C25D387264B}
		{C251C23C-3EBB-4947-9C86-0285AAB33E09} = {3B8B7241-64E2-4DCA-8207-81B03CF01EA4}
		{71B7A3F1-A1B2-40AE-AF8C-845D07B7011D} = {3B8B7241-64E2-4DCA-8207-81B03CF01EA4}
		{E9EC1671-0579-4D6B-8F49-2C199560D9A8} = {3B8B7241-64E2-4DCA-8207-81B03CF01EA4}
		{54B43DB6-3472-4905-BCD9-35B3369BDD6A} = {3B8B7241-64E2-4DCA-8207-81B03CF01EA4}
	EndGlobalSection
	GlobalSection(ExtensibilityGlobals) = postSolution
		SolutionGuid = {EDD75AAF-0C4A-4328-AD73-83D593594A4B}
	EndGlobalSection
EndGlobal
