
Microsoft Visual Studio Solution File, Format Version 12.00
# Visual Studio Version 17
VisualStudioVersion = 17.0.31912.275
MinimumVisualStudioVersion = 10.0.40219.1
Project("{9A19103F-16F7-4668-BE54-9A1E7A4F7556}") = "Common", "Common\Common.csproj", "{8E47A38D-787E-40B6-A4B2-6DA05CC3B77E}"
EndProject
Project("{2150E333-8FDC-42A3-9474-1A3956D46DE8}") = "Years", "Years", "{9731D8CB-D362-4619-BC91-9C25D387264B}"
	ProjectSection(SolutionItems) = preProject
		Years\Directory.Build.props = Years\Directory.Build.props
		Years\Directory.Packages.props = Years\Directory.Packages.props
	EndProjectSection
EndProject
Project("{2150E333-8FDC-42A3-9474-1A3956D46DE8}") = "2021", "2021", "{F72B711F-4EF3-41A2-9D9F-9AC126600E1A}"
EndProject
Project("{9A19103F-16F7-4668-BE54-9A1E7A4F7556}") = "Day1", "Years\2021\Day1\Day1.csproj", "{53B02C59-F625-4B1F-8B23-D29644B36CC5}"
EndProject
Project("{9A19103F-16F7-4668-BE54-9A1E7A4F7556}") = "Day2", "Years\2021\Day2\Day2.csproj", "{06E14DDD-CB46-41AE-95D2-1DE02D772746}"
EndProject
Project("{9A19103F-16F7-4668-BE54-9A1E7A4F7556}") = "Day3", "Years\2021\Day3\Day3.csproj", "{C3362552-BEAF-403D-B553-BE609E49F224}"
EndProject
Project("{9A19103F-16F7-4668-BE54-9A1E7A4F7556}") = "Day4", "Years\2021\Day4\Day4.csproj", "{15BEEAC2-7CF3-41F9-AF13-8D42EEAFE81F}"
EndProject
Project("{9A19103F-16F7-4668-BE54-9A1E7A4F7556}") = "Day5", "Years\2021\Day5\Day5.csproj", "{E96C7E4E-0DAD-4990-A8CF-88DFC34876DD}"
EndProject
Project("{9A19103F-16F7-4668-BE54-9A1E7A4F7556}") = "Day6", "Years\2021\Day6\Day6.csproj", "{25DA4A1C-3DBB-4CC8-AC55-C81A7E0A6424}"
EndProject
Project("{FAE04EC0-301F-11D3-BF4B-00C04F79EFBC}") = "Day6Benchmark", "Years\2021\Day6Benchmark\Day6Benchmark.csproj", "{D400B6DC-B9BF-4E9C-B0CB-9B5C48436F20}"
EndProject
Project("{FAE04EC0-301F-11D3-BF4B-00C04F79EFBC}") = "Day7", "Years\2021\Day7\Day7.csproj", "{AC7A7790-420F-4730-8D57-4F78B5DCAA09}"
EndProject
Global
	GlobalSection(SolutionConfigurationPlatforms) = preSolution
		Debug|Any CPU = Debug|Any CPU
		Release|Any CPU = Release|Any CPU
	EndGlobalSection
	GlobalSection(ProjectConfigurationPlatforms) = postSolution
		{8E47A38D-787E-40B6-A4B2-6DA05CC3B77E}.Debug|Any CPU.ActiveCfg = Debug|Any CPU
		{8E47A38D-787E-40B6-A4B2-6DA05CC3B77E}.Debug|Any CPU.Build.0 = Debug|Any CPU
		{8E47A38D-787E-40B6-A4B2-6DA05CC3B77E}.Release|Any CPU.ActiveCfg = Release|Any CPU
		{8E47A38D-787E-40B6-A4B2-6DA05CC3B77E}.Release|Any CPU.Build.0 = Release|Any CPU
		{53B02C59-F625-4B1F-8B23-D29644B36CC5}.Debug|Any CPU.ActiveCfg = Debug|Any CPU
		{53B02C59-F625-4B1F-8B23-D29644B36CC5}.Debug|Any CPU.Build.0 = Debug|Any CPU
		{53B02C59-F625-4B1F-8B23-D29644B36CC5}.Release|Any CPU.ActiveCfg = Release|Any CPU
		{53B02C59-F625-4B1F-8B23-D29644B36CC5}.Release|Any CPU.Build.0 = Release|Any CPU
		{06E14DDD-CB46-41AE-95D2-1DE02D772746}.Debug|Any CPU.ActiveCfg = Debug|Any CPU
		{06E14DDD-CB46-41AE-95D2-1DE02D772746}.Debug|Any CPU.Build.0 = Debug|Any CPU
		{06E14DDD-CB46-41AE-95D2-1DE02D772746}.Release|Any CPU.ActiveCfg = Release|Any CPU
		{06E14DDD-CB46-41AE-95D2-1DE02D772746}.Release|Any CPU.Build.0 = Release|Any CPU
		{C3362552-BEAF-403D-B553-BE609E49F224}.Debug|Any CPU.ActiveCfg = Debug|Any CPU
		{C3362552-BEAF-403D-B553-BE609E49F224}.Debug|Any CPU.Build.0 = Debug|Any CPU
		{C3362552-BEAF-403D-B553-BE609E49F224}.Release|Any CPU.ActiveCfg = Release|Any CPU
		{C3362552-BEAF-403D-B553-BE609E49F224}.Release|Any CPU.Build.0 = Release|Any CPU
		{15BEEAC2-7CF3-41F9-AF13-8D42EEAFE81F}.Debug|Any CPU.ActiveCfg = Debug|Any CPU
		{15BEEAC2-7CF3-41F9-AF13-8D42EEAFE81F}.Debug|Any CPU.Build.0 = Debug|Any CPU
		{15BEEAC2-7CF3-41F9-AF13-8D42EEAFE81F}.Release|Any CPU.ActiveCfg = Release|Any CPU
		{15BEEAC2-7CF3-41F9-AF13-8D42EEAFE81F}.Release|Any CPU.Build.0 = Release|Any CPU
		{E96C7E4E-0DAD-4990-A8CF-88DFC34876DD}.Debug|Any CPU.ActiveCfg = Debug|Any CPU
		{E96C7E4E-0DAD-4990-A8CF-88DFC34876DD}.Debug|Any CPU.Build.0 = Debug|Any CPU
		{E96C7E4E-0DAD-4990-A8CF-88DFC34876DD}.Release|Any CPU.ActiveCfg = Release|Any CPU
		{E96C7E4E-0DAD-4990-A8CF-88DFC34876DD}.Release|Any CPU.Build.0 = Release|Any CPU
		{25DA4A1C-3DBB-4CC8-AC55-C81A7E0A6424}.Debug|Any CPU.ActiveCfg = Debug|Any CPU
		{25DA4A1C-3DBB-4CC8-AC55-C81A7E0A6424}.Debug|Any CPU.Build.0 = Debug|Any CPU
		{25DA4A1C-3DBB-4CC8-AC55-C81A7E0A6424}.Release|Any CPU.ActiveCfg = Release|Any CPU
		{25DA4A1C-3DBB-4CC8-AC55-C81A7E0A6424}.Release|Any CPU.Build.0 = Release|Any CPU
		{D400B6DC-B9BF-4E9C-B0CB-9B5C48436F20}.Debug|Any CPU.ActiveCfg = Debug|Any CPU
		{D400B6DC-B9BF-4E9C-B0CB-9B5C48436F20}.Debug|Any CPU.Build.0 = Debug|Any CPU
		{D400B6DC-B9BF-4E9C-B0CB-9B5C48436F20}.Release|Any CPU.ActiveCfg = Release|Any CPU
		{D400B6DC-B9BF-4E9C-B0CB-9B5C48436F20}.Release|Any CPU.Build.0 = Release|Any CPU
		{AC7A7790-420F-4730-8D57-4F78B5DCAA09}.Debug|Any CPU.ActiveCfg = Debug|Any CPU
		{AC7A7790-420F-4730-8D57-4F78B5DCAA09}.Debug|Any CPU.Build.0 = Debug|Any CPU
		{AC7A7790-420F-4730-8D57-4F78B5DCAA09}.Release|Any CPU.ActiveCfg = Release|Any CPU
		{AC7A7790-420F-4730-8D57-4F78B5DCAA09}.Release|Any CPU.Build.0 = Release|Any CPU
	EndGlobalSection
	GlobalSection(SolutionProperties) = preSolution
		HideSolutionNode = FALSE
	EndGlobalSection
	GlobalSection(NestedProjects) = preSolution
		{F72B711F-4EF3-41A2-9D9F-9AC126600E1A} = {9731D8CB-D362-4619-BC91-9C25D387264B}
		{53B02C59-F625-4B1F-8B23-D29644B36CC5} = {F72B711F-4EF3-41A2-9D9F-9AC126600E1A}
		{06E14DDD-CB46-41AE-95D2-1DE02D772746} = {F72B711F-4EF3-41A2-9D9F-9AC126600E1A}
		{C3362552-BEAF-403D-B553-BE609E49F224} = {F72B711F-4EF3-41A2-9D9F-9AC126600E1A}
		{15BEEAC2-7CF3-41F9-AF13-8D42EEAFE81F} = {F72B711F-4EF3-41A2-9D9F-9AC126600E1A}
		{E96C7E4E-0DAD-4990-A8CF-88DFC34876DD} = {F72B711F-4EF3-41A2-9D9F-9AC126600E1A}
		{25DA4A1C-3DBB-4CC8-AC55-C81A7E0A6424} = {F72B711F-4EF3-41A2-9D9F-9AC126600E1A}
		{D400B6DC-B9BF-4E9C-B0CB-9B5C48436F20} = {F72B711F-4EF3-41A2-9D9F-9AC126600E1A}
		{AC7A7790-420F-4730-8D57-4F78B5DCAA09} = {F72B711F-4EF3-41A2-9D9F-9AC126600E1A}
	EndGlobalSection
	GlobalSection(ExtensibilityGlobals) = postSolution
		SolutionGuid = {EDD75AAF-0C4A-4328-AD73-83D593594A4B}
	EndGlobalSection
EndGlobal
